
Microsoft Visual Studio Solution File, Format Version 12.00
# Visual Studio 15
VisualStudioVersion = 15.0.26730.16
MinimumVisualStudioVersion = 10.0.40219.1
Project("{FAE04EC0-301F-11D3-BF4B-00C04F79EFBC}") = "JT_Guess", "JT_Guess\JT_Guess.csproj", "{9316806D-4BF1-4190-9D65-DDDC7BCEA86C}"
EndProject
Global
	GlobalSection(SolutionConfigurationPlatforms) = preSolution
		Debug|Any CPU = Debug|Any CPU
		Release|Any CPU = Release|Any CPU
	EndGlobalSection
	GlobalSection(ProjectConfigurationPlatforms) = postSolution
		{9316806D-4BF1-4190-9D65-DDDC7BCEA86C}.Debug|Any CPU.ActiveCfg = Debug|Any CPU
		{9316806D-4BF1-4190-9D65-DDDC7BCEA86C}.Debug|Any CPU.Build.0 = Debug|Any CPU
		{9316806D-4BF1-4190-9D65-DDDC7BCEA86C}.Release|Any CPU.ActiveCfg = Release|Any CPU
		{9316806D-4BF1-4190-9D65-DDDC7BCEA86C}.Release|Any CPU.Build.0 = Release|Any CPU
	EndGlobalSection
	GlobalSection(SolutionProperties) = preSolution
		HideSolutionNode = FALSE
	EndGlobalSection
	GlobalSection(ExtensibilityGlobals) = postSolution
		SolutionGuid = {4B7774A4-28F1-49C3-A678-9807377321E5}
	EndGlobalSection
EndGlobal
